<Solution>
  <Folder Name="/src/">
    <Project Path="src/CraftConsole.Core/CraftConsole.Core.csproj" />
    <Project Path="src/CraftConsole.Infrastructure/CraftConsole.Infrastructure.csproj" />
    <Project Path="src/CraftConsole.Web/CraftConsole.Web.csproj" />
  </Folder>
  <Folder Name="/tests/">
    <Project Path="tests/CraftConsole.FakeServer/CraftConsole.FakeServer.csproj" />
    <Project Path="tests/CraftConsole.Tests/CraftConsole.Tests.csproj" />
  </Folder>
</Solution>
